# THIS IS AN AUTOGENERATED FILE. DO NOT EDIT THIS FILE DIRECTLY.
# yarn lockfile v1


clsx@^1.2.1:
  version "1.2.1"
  resolved "https://registry.yarnpkg.com/clsx/-/clsx-1.2.1.tgz#0ddc4a20a549b59c93a4116bb26f5294ca17dc12"
  integrity sha512-EcR6r5a8bj6pu3ycsa/E/cKVGuTgZJZdsyUYHOksG/UHIiKfjxzRxYJpyVBwYaQeOvghal9fcc4PidlgzugAQg==

tailwind-merge@^1.13.2:
  version "1.13.2"
  resolved "https://registry.yarnpkg.com/tailwind-merge/-/tailwind-merge-1.13.2.tgz#1d06c9e95ffda2320efc50ed33c65be0cda23091"
  integrity sha512-R2/nULkdg1VR/EL4RXg4dEohdoxNUJGLMnWIQnPKL+O9Twu7Cn3Rxi4dlXkDzZrEGtR+G+psSXFouWlpTyLhCQ==

typescript@^5.1.3:
  version "5.1.3"
  resolved "https://registry.yarnpkg.com/typescript/-/typescript-5.1.3.tgz#8d84219244a6b40b6fb2b33cc1c062f715b9e826"
  integrity sha512-XH627E9vkeqhlZFQuL+UsyAXEnibT0kWR2FWONlr4sTjvxyJYnyefgrkyECLzM5NenmKzRAy2rR/OlYLA1HkZw==
